
Microsoft Visual Studio Solution File, Format Version 12.00
# Visual Studio Version 17
VisualStudioVersion = 17.0.32014.148
MinimumVisualStudioVersion = 10.0.40219.1
Project("{8BC9CEB8-8B4A-11D0-8D11-00A0C91BC942}") = "Client_VIewCodeInit", "Client_VIewCodeInit\Client_VIewCodeInit.vcxproj", "{41A95937-0370-4EA2-9010-5EC0FE8D78B7}"
EndProject
Project("{8BC9CEB8-8B4A-11D0-8D11-00A0C91BC942}") = "Client_winApIFirstView", "Client_winApIFirstView\Client_winApIFirstView.vcxproj", "{AC9DC9C8-3C03-4844-BB98-D0105F6B1E62}"
EndProject
Project("{8BC9CEB8-8B4A-11D0-8D11-00A0C91BC942}") = "Client_02_CAPIEngine", "Client_02_CAPIEngine\Client_02_CAPIEngine.vcxproj", "{C107D666-1863-48C2-9F55-9307DAEA167D}"
EndProject
Project("{8BC9CEB8-8B4A-11D0-8D11-00A0C91BC942}") = "Client_03_CAPIEngine2", "Client_03_CAPIEngine2\Client_03_CAPIEngine2.vcxproj", "{F6F9C2B0-2098-40A1-B47A-82887F9E0F66}"
EndProject
Project("{8BC9CEB8-8B4A-11D0-8D11-00A0C91BC942}") = "Client_04_CAPIEngine3", "Client_04_CAPIEngine3\Client_04_CAPIEngine3.vcxproj", "{AD0143EC-993B-4DBB-BE08-65D9FD02C0AA}"
EndProject
Project("{8BC9CEB8-8B4A-11D0-8D11-00A0C91BC942}") = "Client_05_CUnit", "Client_05_CUnit\Client_05_CUnit.vcxproj", "{53218E9F-D65B-4B63-B437-F2D432F56FF8}"
EndProject
Project("{8BC9CEB8-8B4A-11D0-8D11-00A0C91BC942}") = "Client_06_Buffering", "Client_06_Buffering\Client_06_Buffering.vcxproj", "{837B4578-0A05-47ED-AB6A-6372DB6F5BC4}"
EndProject
Project("{2150E333-8FDC-42A3-9474-1A3956D46DE8}") = "StartDay", "StartDay", "{4454E187-155E-47ED-8C1D-8EFDC03A1B1A}"
EndProject
Project("{8BC9CEB8-8B4A-11D0-8D11-00A0C91BC942}") = "Client_07_DoubleBuffer", "Client_07_DoubleBuffer\Client_07_DoubleBuffer.vcxproj", "{6F2ED7B4-7029-4526-A208-66D5E26985BD}"
EndProject
Project("{8BC9CEB8-8B4A-11D0-8D11-00A0C91BC942}") = "Client_08_Clear", "Client_08_Clear\Client_08_Clear.vcxproj", "{F55999AA-A9A8-4C47-98F4-C6C242ED79C8}"
EndProject
Project("{8BC9CEB8-8B4A-11D0-8D11-00A0C91BC942}") = "Client_09_Pivot", "Client_09_Pivot\Client_09_Pivot.vcxproj", "{3764AC7D-B489-4A6D-83BB-5FF664EDBE09}"
EndProject
Project("{8BC9CEB8-8B4A-11D0-8D11-00A0C91BC942}") = "Client_10_GameObject", "Client_10_GameObject\Client_10_GameObject.vcxproj", "{C3FB6DD4-7E2A-40D4-B7A1-46D58BC85E49}"
EndProject
Global
	GlobalSection(SolutionConfigurationPlatforms) = preSolution
		Debug|x64 = Debug|x64
		Debug|x86 = Debug|x86
		Release|x64 = Release|x64
		Release|x86 = Release|x86
	EndGlobalSection
	GlobalSection(ProjectConfigurationPlatforms) = postSolution
		{41A95937-0370-4EA2-9010-5EC0FE8D78B7}.Debug|x64.ActiveCfg = Debug|x64
		{41A95937-0370-4EA2-9010-5EC0FE8D78B7}.Debug|x64.Build.0 = Debug|x64
		{41A95937-0370-4EA2-9010-5EC0FE8D78B7}.Debug|x86.ActiveCfg = Debug|Win32
		{41A95937-0370-4EA2-9010-5EC0FE8D78B7}.Debug|x86.Build.0 = Debug|Win32
		{41A95937-0370-4EA2-9010-5EC0FE8D78B7}.Release|x64.ActiveCfg = Release|x64
		{41A95937-0370-4EA2-9010-5EC0FE8D78B7}.Release|x64.Build.0 = Release|x64
		{41A95937-0370-4EA2-9010-5EC0FE8D78B7}.Release|x86.ActiveCfg = Release|Win32
		{41A95937-0370-4EA2-9010-5EC0FE8D78B7}.Release|x86.Build.0 = Release|Win32
		{AC9DC9C8-3C03-4844-BB98-D0105F6B1E62}.Debug|x64.ActiveCfg = Debug|x64
		{AC9DC9C8-3C03-4844-BB98-D0105F6B1E62}.Debug|x64.Build.0 = Debug|x64
		{AC9DC9C8-3C03-4844-BB98-D0105F6B1E62}.Debug|x86.ActiveCfg = Debug|Win32
		{AC9DC9C8-3C03-4844-BB98-D0105F6B1E62}.Debug|x86.Build.0 = Debug|Win32
		{AC9DC9C8-3C03-4844-BB98-D0105F6B1E62}.Release|x64.ActiveCfg = Release|x64
		{AC9DC9C8-3C03-4844-BB98-D0105F6B1E62}.Release|x64.Build.0 = Release|x64
		{AC9DC9C8-3C03-4844-BB98-D0105F6B1E62}.Release|x86.ActiveCfg = Release|Win32
		{AC9DC9C8-3C03-4844-BB98-D0105F6B1E62}.Release|x86.Build.0 = Release|Win32
		{C107D666-1863-48C2-9F55-9307DAEA167D}.Debug|x64.ActiveCfg = Debug|x64
		{C107D666-1863-48C2-9F55-9307DAEA167D}.Debug|x64.Build.0 = Debug|x64
		{C107D666-1863-48C2-9F55-9307DAEA167D}.Debug|x86.ActiveCfg = Debug|Win32
		{C107D666-1863-48C2-9F55-9307DAEA167D}.Debug|x86.Build.0 = Debug|Win32
		{C107D666-1863-48C2-9F55-9307DAEA167D}.Release|x64.ActiveCfg = Release|x64
		{C107D666-1863-48C2-9F55-9307DAEA167D}.Release|x64.Build.0 = Release|x64
		{C107D666-1863-48C2-9F55-9307DAEA167D}.Release|x86.ActiveCfg = Release|Win32
		{C107D666-1863-48C2-9F55-9307DAEA167D}.Release|x86.Build.0 = Release|Win32
		{F6F9C2B0-2098-40A1-B47A-82887F9E0F66}.Debug|x64.ActiveCfg = Debug|x64
		{F6F9C2B0-2098-40A1-B47A-82887F9E0F66}.Debug|x64.Build.0 = Debug|x64
		{F6F9C2B0-2098-40A1-B47A-82887F9E0F66}.Debug|x86.ActiveCfg = Debug|Win32
		{F6F9C2B0-2098-40A1-B47A-82887F9E0F66}.Debug|x86.Build.0 = Debug|Win32
		{F6F9C2B0-2098-40A1-B47A-82887F9E0F66}.Release|x64.ActiveCfg = Release|x64
		{F6F9C2B0-2098-40A1-B47A-82887F9E0F66}.Release|x64.Build.0 = Release|x64
		{F6F9C2B0-2098-40A1-B47A-82887F9E0F66}.Release|x86.ActiveCfg = Release|Win32
		{F6F9C2B0-2098-40A1-B47A-82887F9E0F66}.Release|x86.Build.0 = Release|Win32
		{AD0143EC-993B-4DBB-BE08-65D9FD02C0AA}.Debug|x64.ActiveCfg = Debug|x64
		{AD0143EC-993B-4DBB-BE08-65D9FD02C0AA}.Debug|x64.Build.0 = Debug|x64
		{AD0143EC-993B-4DBB-BE08-65D9FD02C0AA}.Debug|x86.ActiveCfg = Debug|Win32
		{AD0143EC-993B-4DBB-BE08-65D9FD02C0AA}.Debug|x86.Build.0 = Debug|Win32
		{AD0143EC-993B-4DBB-BE08-65D9FD02C0AA}.Release|x64.ActiveCfg = Release|x64
		{AD0143EC-993B-4DBB-BE08-65D9FD02C0AA}.Release|x64.Build.0 = Release|x64
		{AD0143EC-993B-4DBB-BE08-65D9FD02C0AA}.Release|x86.ActiveCfg = Release|Win32
		{AD0143EC-993B-4DBB-BE08-65D9FD02C0AA}.Release|x86.Build.0 = Release|Win32
		{53218E9F-D65B-4B63-B437-F2D432F56FF8}.Debug|x64.ActiveCfg = Debug|x64
		{53218E9F-D65B-4B63-B437-F2D432F56FF8}.Debug|x64.Build.0 = Debug|x64
		{53218E9F-D65B-4B63-B437-F2D432F56FF8}.Debug|x86.ActiveCfg = Debug|Win32
		{53218E9F-D65B-4B63-B437-F2D432F56FF8}.Debug|x86.Build.0 = Debug|Win32
		{53218E9F-D65B-4B63-B437-F2D432F56FF8}.Release|x64.ActiveCfg = Release|x64
		{53218E9F-D65B-4B63-B437-F2D432F56FF8}.Release|x64.Build.0 = Release|x64
		{53218E9F-D65B-4B63-B437-F2D432F56FF8}.Release|x86.ActiveCfg = Release|Win32
		{53218E9F-D65B-4B63-B437-F2D432F56FF8}.Release|x86.Build.0 = Release|Win32
		{837B4578-0A05-47ED-AB6A-6372DB6F5BC4}.Debug|x64.ActiveCfg = Debug|x64
		{837B4578-0A05-47ED-AB6A-6372DB6F5BC4}.Debug|x64.Build.0 = Debug|x64
		{837B4578-0A05-47ED-AB6A-6372DB6F5BC4}.Debug|x86.ActiveCfg = Debug|Win32
		{837B4578-0A05-47ED-AB6A-6372DB6F5BC4}.Debug|x86.Build.0 = Debug|Win32
		{837B4578-0A05-47ED-AB6A-6372DB6F5BC4}.Release|x64.ActiveCfg = Release|x64
		{837B4578-0A05-47ED-AB6A-6372DB6F5BC4}.Release|x64.Build.0 = Release|x64
		{837B4578-0A05-47ED-AB6A-6372DB6F5BC4}.Release|x86.ActiveCfg = Release|Win32
		{837B4578-0A05-47ED-AB6A-6372DB6F5BC4}.Release|x86.Build.0 = Release|Win32
		{6F2ED7B4-7029-4526-A208-66D5E26985BD}.Debug|x64.ActiveCfg = Debug|x64
		{6F2ED7B4-7029-4526-A208-66D5E26985BD}.Debug|x64.Build.0 = Debug|x64
		{6F2ED7B4-7029-4526-A208-66D5E26985BD}.Debug|x86.ActiveCfg = Debug|Win32
		{6F2ED7B4-7029-4526-A208-66D5E26985BD}.Debug|x86.Build.0 = Debug|Win32
		{6F2ED7B4-7029-4526-A208-66D5E26985BD}.Release|x64.ActiveCfg = Release|x64
		{6F2ED7B4-7029-4526-A208-66D5E26985BD}.Release|x64.Build.0 = Release|x64
		{6F2ED7B4-7029-4526-A208-66D5E26985BD}.Release|x86.ActiveCfg = Release|Win32
		{6F2ED7B4-7029-4526-A208-66D5E26985BD}.Release|x86.Build.0 = Release|Win32
		{F55999AA-A9A8-4C47-98F4-C6C242ED79C8}.Debug|x64.ActiveCfg = Debug|x64
		{F55999AA-A9A8-4C47-98F4-C6C242ED79C8}.Debug|x64.Build.0 = Debug|x64
		{F55999AA-A9A8-4C47-98F4-C6C242ED79C8}.Debug|x86.ActiveCfg = Debug|Win32
		{F55999AA-A9A8-4C47-98F4-C6C242ED79C8}.Debug|x86.Build.0 = Debug|Win32
		{F55999AA-A9A8-4C47-98F4-C6C242ED79C8}.Release|x64.ActiveCfg = Release|x64
		{F55999AA-A9A8-4C47-98F4-C6C242ED79C8}.Release|x64.Build.0 = Release|x64
		{F55999AA-A9A8-4C47-98F4-C6C242ED79C8}.Release|x86.ActiveCfg = Release|Win32
		{F55999AA-A9A8-4C47-98F4-C6C242ED79C8}.Release|x86.Build.0 = Release|Win32
		{3764AC7D-B489-4A6D-83BB-5FF664EDBE09}.Debug|x64.ActiveCfg = Debug|x64
		{3764AC7D-B489-4A6D-83BB-5FF664EDBE09}.Debug|x64.Build.0 = Debug|x64
		{3764AC7D-B489-4A6D-83BB-5FF664EDBE09}.Debug|x86.ActiveCfg = Debug|Win32
		{3764AC7D-B489-4A6D-83BB-5FF664EDBE09}.Debug|x86.Build.0 = Debug|Win32
		{3764AC7D-B489-4A6D-83BB-5FF664EDBE09}.Release|x64.ActiveCfg = Release|x64
		{3764AC7D-B489-4A6D-83BB-5FF664EDBE09}.Release|x64.Build.0 = Release|x64
		{3764AC7D-B489-4A6D-83BB-5FF664EDBE09}.Release|x86.ActiveCfg = Release|Win32
		{3764AC7D-B489-4A6D-83BB-5FF664EDBE09}.Release|x86.Build.0 = Release|Win32
		{C3FB6DD4-7E2A-40D4-B7A1-46D58BC85E49}.Debug|x64.ActiveCfg = Debug|x64
		{C3FB6DD4-7E2A-40D4-B7A1-46D58BC85E49}.Debug|x64.Build.0 = Debug|x64
		{C3FB6DD4-7E2A-40D4-B7A1-46D58BC85E49}.Debug|x86.ActiveCfg = Debug|Win32
		{C3FB6DD4-7E2A-40D4-B7A1-46D58BC85E49}.Debug|x86.Build.0 = Debug|Win32
		{C3FB6DD4-7E2A-40D4-B7A1-46D58BC85E49}.Release|x64.ActiveCfg = Release|x64
		{C3FB6DD4-7E2A-40D4-B7A1-46D58BC85E49}.Release|x64.Build.0 = Release|x64
		{C3FB6DD4-7E2A-40D4-B7A1-46D58BC85E49}.Release|x86.ActiveCfg = Release|Win32
		{C3FB6DD4-7E2A-40D4-B7A1-46D58BC85E49}.Release|x86.Build.0 = Release|Win32
	EndGlobalSection
	GlobalSection(SolutionProperties) = preSolution
		HideSolutionNode = FALSE
	EndGlobalSection
	GlobalSection(NestedProjects) = preSolution
		{41A95937-0370-4EA2-9010-5EC0FE8D78B7} = {4454E187-155E-47ED-8C1D-8EFDC03A1B1A}
		{AC9DC9C8-3C03-4844-BB98-D0105F6B1E62} = {4454E187-155E-47ED-8C1D-8EFDC03A1B1A}
	EndGlobalSection
	GlobalSection(ExtensibilityGlobals) = postSolution
		SolutionGuid = {58F27CFD-62C9-43BF-9AEF-317876D0798B}
	EndGlobalSection
EndGlobal
