
Microsoft Visual Studio Solution File, Format Version 12.00
# Visual Studio Version 17
VisualStudioVersion = 17.0.32014.148
MinimumVisualStudioVersion = 10.0.40219.1
Project("{8BC9CEB8-8B4A-11D0-8D11-00A0C91BC942}") = "Client_VIewCodeInit", "Client_VIewCodeInit\Client_VIewCodeInit.vcxproj", "{41A95937-0370-4EA2-9010-5EC0FE8D78B7}"
EndProject
Project("{8BC9CEB8-8B4A-11D0-8D11-00A0C91BC942}") = "Client_winApIFirstView", "Client_winApIFirstView\Client_winApIFirstView.vcxproj", "{AC9DC9C8-3C03-4844-BB98-D0105F6B1E62}"
EndProject
Project("{8BC9CEB8-8B4A-11D0-8D11-00A0C91BC942}") = "Client_01_ClassWrapping", "Client_ClassWrapping\Client_ClassWrapping.vcxproj", "{5FB7B342-0496-42BF-9A6C-6488C2F796AF}"
EndProject
Project("{8BC9CEB8-8B4A-11D0-8D11-00A0C91BC942}") = "Client_02_CAPIEngine", "Client_02_CAPIEngine\Client_02_CAPIEngine.vcxproj", "{C107D666-1863-48C2-9F55-9307DAEA167D}"
EndProject
Global
	GlobalSection(SolutionConfigurationPlatforms) = preSolution
		Debug|x64 = Debug|x64
		Debug|x86 = Debug|x86
		Release|x64 = Release|x64
		Release|x86 = Release|x86
	EndGlobalSection
	GlobalSection(ProjectConfigurationPlatforms) = postSolution
		{41A95937-0370-4EA2-9010-5EC0FE8D78B7}.Debug|x64.ActiveCfg = Debug|x64
		{41A95937-0370-4EA2-9010-5EC0FE8D78B7}.Debug|x64.Build.0 = Debug|x64
		{41A95937-0370-4EA2-9010-5EC0FE8D78B7}.Debug|x86.ActiveCfg = Debug|Win32
		{41A95937-0370-4EA2-9010-5EC0FE8D78B7}.Debug|x86.Build.0 = Debug|Win32
		{41A95937-0370-4EA2-9010-5EC0FE8D78B7}.Release|x64.ActiveCfg = Release|x64
		{41A95937-0370-4EA2-9010-5EC0FE8D78B7}.Release|x64.Build.0 = Release|x64
		{41A95937-0370-4EA2-9010-5EC0FE8D78B7}.Release|x86.ActiveCfg = Release|Win32
		{41A95937-0370-4EA2-9010-5EC0FE8D78B7}.Release|x86.Build.0 = Release|Win32
		{AC9DC9C8-3C03-4844-BB98-D0105F6B1E62}.Debug|x64.ActiveCfg = Debug|x64
		{AC9DC9C8-3C03-4844-BB98-D0105F6B1E62}.Debug|x64.Build.0 = Debug|x64
		{AC9DC9C8-3C03-4844-BB98-D0105F6B1E62}.Debug|x86.ActiveCfg = Debug|Win32
		{AC9DC9C8-3C03-4844-BB98-D0105F6B1E62}.Debug|x86.Build.0 = Debug|Win32
		{AC9DC9C8-3C03-4844-BB98-D0105F6B1E62}.Release|x64.ActiveCfg = Release|x64
		{AC9DC9C8-3C03-4844-BB98-D0105F6B1E62}.Release|x64.Build.0 = Release|x64
		{AC9DC9C8-3C03-4844-BB98-D0105F6B1E62}.Release|x86.ActiveCfg = Release|Win32
		{AC9DC9C8-3C03-4844-BB98-D0105F6B1E62}.Release|x86.Build.0 = Release|Win32
		{5FB7B342-0496-42BF-9A6C-6488C2F796AF}.Debug|x64.ActiveCfg = Debug|x64
		{5FB7B342-0496-42BF-9A6C-6488C2F796AF}.Debug|x64.Build.0 = Debug|x64
		{5FB7B342-0496-42BF-9A6C-6488C2F796AF}.Debug|x86.ActiveCfg = Debug|Win32
		{5FB7B342-0496-42BF-9A6C-6488C2F796AF}.Debug|x86.Build.0 = Debug|Win32
		{5FB7B342-0496-42BF-9A6C-6488C2F796AF}.Release|x64.ActiveCfg = Release|x64
		{5FB7B342-0496-42BF-9A6C-6488C2F796AF}.Release|x64.Build.0 = Release|x64
		{5FB7B342-0496-42BF-9A6C-6488C2F796AF}.Release|x86.ActiveCfg = Release|Win32
		{5FB7B342-0496-42BF-9A6C-6488C2F796AF}.Release|x86.Build.0 = Release|Win32
		{C107D666-1863-48C2-9F55-9307DAEA167D}.Debug|x64.ActiveCfg = Debug|x64
		{C107D666-1863-48C2-9F55-9307DAEA167D}.Debug|x64.Build.0 = Debug|x64
		{C107D666-1863-48C2-9F55-9307DAEA167D}.Debug|x86.ActiveCfg = Debug|Win32
		{C107D666-1863-48C2-9F55-9307DAEA167D}.Debug|x86.Build.0 = Debug|Win32
		{C107D666-1863-48C2-9F55-9307DAEA167D}.Release|x64.ActiveCfg = Release|x64
		{C107D666-1863-48C2-9F55-9307DAEA167D}.Release|x64.Build.0 = Release|x64
		{C107D666-1863-48C2-9F55-9307DAEA167D}.Release|x86.ActiveCfg = Release|Win32
		{C107D666-1863-48C2-9F55-9307DAEA167D}.Release|x86.Build.0 = Release|Win32
	EndGlobalSection
	GlobalSection(SolutionProperties) = preSolution
		HideSolutionNode = FALSE
	EndGlobalSection
	GlobalSection(ExtensibilityGlobals) = postSolution
		SolutionGuid = {58F27CFD-62C9-43BF-9AEF-317876D0798B}
	EndGlobalSection
EndGlobal
