<?xml version="1.0" encoding="utf-8"?>
<Project ToolsVersion="4.0" xmlns="http://schemas.microsoft.com/developer/msbuild/2003">
  <ItemGroup>
    <Filter Include="소스 파일">
      <UniqueIdentifier>{4FC737F1-C7A5-4376-A066-2A32D752A2FF}</UniqueIdentifier>
      <Extensions>cpp;c;cc;cxx;c++;cppm;ixx;def;odl;idl;hpj;bat;asm;asmx</Extensions>
    </Filter>
    <Filter Include="헤더 파일">
      <UniqueIdentifier>{93995380-89BD-4b04-88EB-625FBE52EBFB}</UniqueIdentifier>
      <Extensions>h;hh;hpp;hxx;h++;hm;inl;inc;ipp;xsd</Extensions>
    </Filter>
    <Filter Include="리소스 파일">
      <UniqueIdentifier>{67DA6AB6-F800-4c08-8B7A-83BB121AAD01}</UniqueIdentifier>
      <Extensions>rc;ico;cur;bmp;dlg;rc2;rct;bin;rgs;gif;jpg;jpeg;jpe;resx;tiff;tif;png;wav;mfcribbon-ms</Extensions>
    </Filter>
    <Filter Include="소스 파일\Entry">
      <UniqueIdentifier>{5e653b6e-174d-4fa6-8bb5-f1226b16437d}</UniqueIdentifier>
    </Filter>
    <Filter Include="소스 파일\CAPIEngine">
      <UniqueIdentifier>{49d4c2e5-5af2-43d6-a06e-86c5b625a72b}</UniqueIdentifier>
    </Filter>
    <Filter Include="소스 파일\CUnit">
      <UniqueIdentifier>{92710570-e530-4142-ada8-02c20d286eb9}</UniqueIdentifier>
    </Filter>
    <Filter Include="헤더 파일\Base">
      <UniqueIdentifier>{c6bedb6e-b06c-4668-b71c-ae6490ed7a39}</UniqueIdentifier>
    </Filter>
  </ItemGroup>
  <ItemGroup>
    <Image Include="small.ico">
      <Filter>리소스 파일</Filter>
    </Image>
    <Image Include="Client_VIewCodeInit.ico">
      <Filter>리소스 파일</Filter>
    </Image>
  </ItemGroup>
  <ItemGroup>
    <ClInclude Include="CAPIEngine.h">
      <Filter>소스 파일\CAPIEngine</Filter>
    </ClInclude>
    <ClInclude Include="CUnit.h">
      <Filter>소스 파일\CUnit</Filter>
    </ClInclude>
    <ClInclude Include="targetver.h">
      <Filter>헤더 파일\Base</Filter>
    </ClInclude>
    <ClInclude Include="framework.h">
      <Filter>헤더 파일\Base</Filter>
    </ClInclude>
    <ClInclude Include="Resource.h">
      <Filter>헤더 파일\Base</Filter>
    </ClInclude>
  </ItemGroup>
  <ItemGroup>
    <ClCompile Include="main.cpp">
      <Filter>소스 파일\Entry</Filter>
    </ClCompile>
    <ClCompile Include="CAPIEngine.cpp">
      <Filter>소스 파일\CAPIEngine</Filter>
    </ClCompile>
    <ClCompile Include="CUnit.cpp">
      <Filter>소스 파일\CUnit</Filter>
    </ClCompile>
  </ItemGroup>
  <ItemGroup>
    <ResourceCompile Include="Client_VIewCodeInit.rc">
      <Filter>리소스 파일</Filter>
    </ResourceCompile>
  </ItemGroup>
</Project>