<?xml version="1.0" encoding="utf-8"?>
<Project ToolsVersion="4.0" xmlns="http://schemas.microsoft.com/developer/msbuild/2003">
  <ItemGroup>
    <Filter Include="소스 파일">
      <UniqueIdentifier>{4FC737F1-C7A5-4376-A066-2A32D752A2FF}</UniqueIdentifier>
      <Extensions>cpp;c;cc;cxx;c++;cppm;ixx;def;odl;idl;hpj;bat;asm;asmx</Extensions>
    </Filter>
    <Filter Include="헤더 파일">
      <UniqueIdentifier>{93995380-89BD-4b04-88EB-625FBE52EBFB}</UniqueIdentifier>
      <Extensions>h;hh;hpp;hxx;h++;hm;inl;inc;ipp;xsd</Extensions>
    </Filter>
    <Filter Include="리소스 파일">
      <UniqueIdentifier>{67DA6AB6-F800-4c08-8B7A-83BB121AAD01}</UniqueIdentifier>
      <Extensions>rc;ico;cur;bmp;dlg;rc2;rct;bin;rgs;gif;jpg;jpeg;jpe;resx;tiff;tif;png;wav;mfcribbon-ms</Extensions>
    </Filter>
    <Filter Include="소스 파일\Engine">
      <UniqueIdentifier>{6f8d4be1-47b8-4105-9216-67a111cb7fe3}</UniqueIdentifier>
    </Filter>
    <Filter Include="소스 파일\Object">
      <UniqueIdentifier>{5739b443-a986-4427-bffa-6a093f0b4f11}</UniqueIdentifier>
    </Filter>
    <Filter Include="소스 파일\Resource">
      <UniqueIdentifier>{36c51c93-948b-422e-a9aa-43d833b4687d}</UniqueIdentifier>
    </Filter>
    <Filter Include="헤더 파일\Base">
      <UniqueIdentifier>{ad3acb09-92dd-450e-91f7-496b60e603d8}</UniqueIdentifier>
    </Filter>
    <Filter Include="소스 파일\Object\CObject">
      <UniqueIdentifier>{4a4846e2-b4d9-4291-ad28-ae2cc7c4e634}</UniqueIdentifier>
    </Filter>
    <Filter Include="소스 파일\Object\CRef">
      <UniqueIdentifier>{31fafa30-2fd9-4296-b1f9-18c802f240fe}</UniqueIdentifier>
    </Filter>
    <Filter Include="소스 파일\Object\CUnit">
      <UniqueIdentifier>{f0b6d7d8-c1e3-4963-9a4a-1dcc531ac300}</UniqueIdentifier>
    </Filter>
    <Filter Include="소스 파일\Object\Actor">
      <UniqueIdentifier>{8c4b810a-c636-4ab4-96cf-d11963579c36}</UniqueIdentifier>
    </Filter>
    <Filter Include="소스 파일\Object\SVector2D">
      <UniqueIdentifier>{3cd8c4ad-36ca-434d-a4ff-4137cbb874c7}</UniqueIdentifier>
    </Filter>
  </ItemGroup>
  <ItemGroup>
    <ClCompile Include="main.cpp">
      <Filter>소스 파일</Filter>
    </ClCompile>
    <ClCompile Include="CAPIEngine.cpp">
      <Filter>소스 파일\Engine</Filter>
    </ClCompile>
    <ClCompile Include="CInputMgr.cpp">
      <Filter>소스 파일\Engine</Filter>
    </ClCompile>
    <ClCompile Include="CTexture.cpp">
      <Filter>소스 파일\Resource</Filter>
    </ClCompile>
    <ClCompile Include="CObject.cpp">
      <Filter>소스 파일\Object\CObject</Filter>
    </ClCompile>
    <ClCompile Include="CRef.cpp">
      <Filter>소스 파일\Object\CRef</Filter>
    </ClCompile>
    <ClCompile Include="CUnit.cpp">
      <Filter>소스 파일\Object\CUnit</Filter>
    </ClCompile>
    <ClCompile Include="CActor.cpp">
      <Filter>소스 파일\Object\Actor</Filter>
    </ClCompile>
    <ClCompile Include="SVector2D.cpp">
      <Filter>소스 파일\Object\SVector2D</Filter>
    </ClCompile>
  </ItemGroup>
  <ItemGroup>
    <ClInclude Include="macro.h">
      <Filter>헤더 파일</Filter>
    </ClInclude>
    <ClInclude Include="CAPIEngine.h">
      <Filter>소스 파일\Engine</Filter>
    </ClInclude>
    <ClInclude Include="CInputMgr.h">
      <Filter>소스 파일\Engine</Filter>
    </ClInclude>
    <ClInclude Include="CTexture.h">
      <Filter>소스 파일\Resource</Filter>
    </ClInclude>
    <ClInclude Include="framework.h">
      <Filter>헤더 파일\Base</Filter>
    </ClInclude>
    <ClInclude Include="Resource.h">
      <Filter>헤더 파일\Base</Filter>
    </ClInclude>
    <ClInclude Include="targetver.h">
      <Filter>헤더 파일\Base</Filter>
    </ClInclude>
    <ClInclude Include="CObject.h">
      <Filter>소스 파일\Object\CObject</Filter>
    </ClInclude>
    <ClInclude Include="CRef.h">
      <Filter>소스 파일\Object\CRef</Filter>
    </ClInclude>
    <ClInclude Include="CUnit.h">
      <Filter>소스 파일\Object\CUnit</Filter>
    </ClInclude>
    <ClInclude Include="CActor.h">
      <Filter>소스 파일\Object\Actor</Filter>
    </ClInclude>
    <ClInclude Include="SVector2D.h">
      <Filter>소스 파일\Object\SVector2D</Filter>
    </ClInclude>
  </ItemGroup>
  <ItemGroup>
    <Image Include="Client_VIewCodeInit.ico">
      <Filter>리소스 파일</Filter>
    </Image>
    <Image Include="small.ico">
      <Filter>리소스 파일</Filter>
    </Image>
  </ItemGroup>
  <ItemGroup>
    <ResourceCompile Include="Client_VIewCodeInit.rc">
      <Filter>리소스 파일</Filter>
    </ResourceCompile>
  </ItemGroup>
</Project>